
Microsoft Visual Studio Solution File, Format Version 12.00
# Visual Studio Version 16
VisualStudioVersion = 16.0.30717.126
MinimumVisualStudioVersion = 10.0.40219.1
Project("{FAE04EC0-301F-11D3-BF4B-00C04F79EFBC}") = "Mozart", "Mozart\Mozart.csproj", "{296BA3BA-710F-42FB-BC57-25A4F69A44BC}"
EndProject
Global
	GlobalSection(SolutionConfigurationPlatforms) = preSolution
		Debug|Any CPU = Debug|Any CPU
		Release|Any CPU = Release|Any CPU
	EndGlobalSection
	GlobalSection(ProjectConfigurationPlatforms) = postSolution
		{296BA3BA-710F-42FB-BC57-25A4F69A44BC}.Debug|Any CPU.ActiveCfg = Debug|Any CPU
		{296BA3BA-710F-42FB-BC57-25A4F69A44BC}.Debug|Any CPU.Build.0 = Debug|Any CPU
		{296BA3BA-710F-42FB-BC57-25A4F69A44BC}.Release|Any CPU.ActiveCfg = Release|Any CPU
		{296BA3BA-710F-42FB-BC57-25A4F69A44BC}.Release|Any CPU.Build.0 = Release|Any CPU
	EndGlobalSection
	GlobalSection(SolutionProperties) = preSolution
		HideSolutionNode = FALSE
	EndGlobalSection
	GlobalSection(ExtensibilityGlobals) = postSolution
		SolutionGuid = {D5DF675A-7241-4083-9D16-F5B110EB6424}
	EndGlobalSection
EndGlobal
